
Microsoft Visual Studio Solution File, Format Version 12.00
# Visual Studio Version 17
VisualStudioVersion = 17.8.34330.188
MinimumVisualStudioVersion = 10.0.40219.1
Project("{FAE04EC0-301F-11D3-BF4B-00C04F79EFBC}") = "SignaturePDF", "SignaturePDF\SignaturePDF.csproj", "{B7AB5DB7-B74E-4C06-A324-E3D5B99C05FC}"
EndProject
Global
	GlobalSection(SolutionConfigurationPlatforms) = preSolution
		Debug|Any CPU = Debug|Any CPU
		Release|Any CPU = Release|Any CPU
	EndGlobalSection
	GlobalSection(ProjectConfigurationPlatforms) = postSolution
		{B7AB5DB7-B74E-4C06-A324-E3D5B99C05FC}.Debug|Any CPU.ActiveCfg = Debug|Any CPU
		{B7AB5DB7-B74E-4C06-A324-E3D5B99C05FC}.Debug|Any CPU.Build.0 = Debug|Any CPU
		{B7AB5DB7-B74E-4C06-A324-E3D5B99C05FC}.Release|Any CPU.ActiveCfg = Release|Any CPU
		{B7AB5DB7-B74E-4C06-A324-E3D5B99C05FC}.Release|Any CPU.Build.0 = Release|Any CPU
	EndGlobalSection
	GlobalSection(SolutionProperties) = preSolution
		HideSolutionNode = FALSE
	EndGlobalSection
	GlobalSection(ExtensibilityGlobals) = postSolution
		SolutionGuid = {FE97B86E-BC01-4982-ADCE-6CAD13042AB2}
	EndGlobalSection
EndGlobal
